
Microsoft Visual Studio Solution File, Format Version 12.00
# Visual Studio 15
VisualStudioVersion = 15.0.28307.1000
MinimumVisualStudioVersion = 10.0.40219.1
Project("{FAE04EC0-301F-11D3-BF4B-00C04F79EFBC}") = "array", "array\array.csproj", "{B6266728-1F82-4228-9E67-031A1EB5CF12}"
EndProject
Global
	GlobalSection(SolutionConfigurationPlatforms) = preSolution
		Debug|Any CPU = Debug|Any CPU
		Release|Any CPU = Release|Any CPU
	EndGlobalSection
	GlobalSection(ProjectConfigurationPlatforms) = postSolution
		{B6266728-1F82-4228-9E67-031A1EB5CF12}.Debug|Any CPU.ActiveCfg = Debug|Any CPU
		{B6266728-1F82-4228-9E67-031A1EB5CF12}.Debug|Any CPU.Build.0 = Debug|Any CPU
		{B6266728-1F82-4228-9E67-031A1EB5CF12}.Release|Any CPU.ActiveCfg = Release|Any CPU
		{B6266728-1F82-4228-9E67-031A1EB5CF12}.Release|Any CPU.Build.0 = Release|Any CPU
	EndGlobalSection
	GlobalSection(SolutionProperties) = preSolution
		HideSolutionNode = FALSE
	EndGlobalSection
	GlobalSection(ExtensibilityGlobals) = postSolution
		SolutionGuid = {ED50CB21-DDCA-4165-A294-5FF3684CB8B5}
	EndGlobalSection
EndGlobal
